
Microsoft Visual Studio Solution File, Format Version 12.00
# Visual Studio Version 17
VisualStudioVersion = 17.8.34408.163
MinimumVisualStudioVersion = 10.0.40219.1
Project("{FAE04EC0-301F-11D3-BF4B-00C04F79EFBC}") = "ExportImport", "ExportImport\ExportImport.csproj", "{662B3D9A-A205-4B63-9220-869E800A7FDE}"
EndProject
Global
	GlobalSection(SolutionConfigurationPlatforms) = preSolution
		Debug|Any CPU = Debug|Any CPU
		Release|Any CPU = Release|Any CPU
	EndGlobalSection
	GlobalSection(ProjectConfigurationPlatforms) = postSolution
		{662B3D9A-A205-4B63-9220-869E800A7FDE}.Debug|Any CPU.ActiveCfg = Debug|Any CPU
		{662B3D9A-A205-4B63-9220-869E800A7FDE}.Debug|Any CPU.Build.0 = Debug|Any CPU
		{662B3D9A-A205-4B63-9220-869E800A7FDE}.Release|Any CPU.ActiveCfg = Release|Any CPU
		{662B3D9A-A205-4B63-9220-869E800A7FDE}.Release|Any CPU.Build.0 = Release|Any CPU
	EndGlobalSection
	GlobalSection(SolutionProperties) = preSolution
		HideSolutionNode = FALSE
	EndGlobalSection
	GlobalSection(ExtensibilityGlobals) = postSolution
		SolutionGuid = {6250E277-179F-42C4-953F-97AEC2ADE49F}
	EndGlobalSection
EndGlobal
